
Microsoft Visual Studio Solution File, Format Version 12.00
# Visual Studio Version 16
VisualStudioVersion = 16.0.31005.135
MinimumVisualStudioVersion = 10.0.40219.1
Project("{FAE04EC0-301F-11D3-BF4B-00C04F79EFBC}") = "Win 10 Optimizer v2", "Win 10 Optimizer v2\Win 10 Optimizer v2.csproj", "{B087469C-96B6-4E3A-9425-AAEAB5C92ADE}"
EndProject
Global
	GlobalSection(SolutionConfigurationPlatforms) = preSolution
		Debug|Any CPU = Debug|Any CPU
		Release|Any CPU = Release|Any CPU
	EndGlobalSection
	GlobalSection(ProjectConfigurationPlatforms) = postSolution
		{B087469C-96B6-4E3A-9425-AAEAB5C92ADE}.Debug|Any CPU.ActiveCfg = Debug|Any CPU
		{B087469C-96B6-4E3A-9425-AAEAB5C92ADE}.Debug|Any CPU.Build.0 = Debug|Any CPU
		{B087469C-96B6-4E3A-9425-AAEAB5C92ADE}.Release|Any CPU.ActiveCfg = Release|Any CPU
		{B087469C-96B6-4E3A-9425-AAEAB5C92ADE}.Release|Any CPU.Build.0 = Release|Any CPU
	EndGlobalSection
	GlobalSection(SolutionProperties) = preSolution
		HideSolutionNode = FALSE
	EndGlobalSection
	GlobalSection(ExtensibilityGlobals) = postSolution
		SolutionGuid = {6AB841F7-9026-493F-9C9D-78A11CAE706A}
	EndGlobalSection
EndGlobal
